
Microsoft Visual Studio Solution File, Format Version 12.00
# Visual Studio Version 16
VisualStudioVersion = 16.0.30523.141
MinimumVisualStudioVersion = 10.0.40219.1
Project("{FAE04EC0-301F-11D3-BF4B-00C04F79EFBC}") = "Grafos", "Grafos\Grafos.csproj", "{2758B40E-767D-4C6F-801D-CCEE2D47CE21}"
EndProject
Global
	GlobalSection(SolutionConfigurationPlatforms) = preSolution
		Debug|Any CPU = Debug|Any CPU
		Release|Any CPU = Release|Any CPU
	EndGlobalSection
	GlobalSection(ProjectConfigurationPlatforms) = postSolution
		{2758B40E-767D-4C6F-801D-CCEE2D47CE21}.Debug|Any CPU.ActiveCfg = Debug|Any CPU
		{2758B40E-767D-4C6F-801D-CCEE2D47CE21}.Debug|Any CPU.Build.0 = Debug|Any CPU
		{2758B40E-767D-4C6F-801D-CCEE2D47CE21}.Release|Any CPU.ActiveCfg = Release|Any CPU
		{2758B40E-767D-4C6F-801D-CCEE2D47CE21}.Release|Any CPU.Build.0 = Release|Any CPU
	EndGlobalSection
	GlobalSection(SolutionProperties) = preSolution
		HideSolutionNode = FALSE
	EndGlobalSection
	GlobalSection(ExtensibilityGlobals) = postSolution
		SolutionGuid = {A4740109-D32F-4BAE-B51C-4A0371631874}
	EndGlobalSection
EndGlobal
